// !$*UTF8*$!
{
	archiveVersion = 1;
	classes = {
	};
	objectVersion = 77;
	objects = {

/* Begin PBXBuildFile section */
		BC9166D02EB21CB000B95C6A /* StoreKit.framework in Frameworks */ = {isa = PBXBuildFile; fileRef = BC9166CF2EB21CB000B95C6A /* StoreKit.framework */; };
/* End PBXBuildFile section */

/* Begin PBXContainerItemProxy section */
		BCBADCDF2E8DA1B6000A4612 /* PBXContainerItemProxy */ = {
			isa = PBXContainerItemProxy;
			containerPortal = BCBADCC52E8DA1B5000A4612 /* Project object */;
			proxyType = 1;
			remoteGlobalIDString = BCBADCCC2E8DA1B5000A4612;
			remoteInfo = KuaiJi;
		};
		BCBADCE92E8DA1B6000A4612 /* PBXContainerItemProxy */ = {
			isa = PBXContainerItemProxy;
			containerPortal = BCBADCC52E8DA1B5000A4612 /* Project object */;
			proxyType = 1;
			remoteGlobalIDString = BCBADCCC2E8DA1B5000A4612;
			remoteInfo = KuaiJi;
		};
/* End PBXContainerItemProxy section */

/* Begin PBXFileReference section */
		BC9166CF2EB21CB000B95C6A /* StoreKit.framework */ = {isa = PBXFileReference; lastKnownFileType = wrapper.framework; name = StoreKit.framework; path = System/Library/Frameworks/StoreKit.framework; sourceTree = SDKROOT; };
		BCBADCCD2E8DA1B5000A4612 /* KuaiJi.app */ = {isa = PBXFileReference; explicitFileType = wrapper.application; includeInIndex = 0; path = KuaiJi.app; sourceTree = BUILT_PRODUCTS_DIR; };
		BCBADCDE2E8DA1B6000A4612 /* KuaiJiTests.xctest */ = {isa = PBXFileReference; explicitFileType = wrapper.cfbundle; includeInIndex = 0; path = KuaiJiTests.xctest; sourceTree = BUILT_PRODUCTS_DIR; };
		BCBADCE82E8DA1B6000A4612 /* KuaiJiUITests.xctest */ = {isa = PBXFileReference; explicitFileType = wrapper.cfbundle; includeInIndex = 0; path = KuaiJiUITests.xctest; sourceTree = BUILT_PRODUCTS_DIR; };
/* End PBXFileReference section */

/* Begin PBXFileSystemSynchronizedBuildFileExceptionSet section */
		BCBADCF02E8DA1B6000A4612 /* Exceptions for "KuaiJi" folder in "KuaiJi" target */ = {
			isa = PBXFileSystemSynchronizedBuildFileExceptionSet;
			membershipExceptions = (
				Info.plist,
			);
			target = BCBADCCC2E8DA1B5000A4612 /* KuaiJi */;
		};
/* End PBXFileSystemSynchronizedBuildFileExceptionSet section */

/* Begin PBXFileSystemSynchronizedRootGroup section */
		BCBADCCF2E8DA1B5000A4612 /* KuaiJi */ = {
			isa = PBXFileSystemSynchronizedRootGroup;
			exceptions = (
				BCBADCF02E8DA1B6000A4612 /* Exceptions for "KuaiJi" folder in "KuaiJi" target */,
			);
			path = KuaiJi;
			sourceTree = "<group>";
		};
		BCBADCE12E8DA1B6000A4612 /* KuaiJiTests */ = {
			isa = PBXFileSystemSynchronizedRootGroup;
			path = KuaiJiTests;
			sourceTree = "<group>";
		};
		BCBADCEB2E8DA1B6000A4612 /* KuaiJiUITests */ = {
			isa = PBXFileSystemSynchronizedRootGroup;
			path = KuaiJiUITests;
			sourceTree = "<group>";
		};
/* End PBXFileSystemSynchronizedRootGroup section */

/* Begin PBXFrameworksBuildPhase section */
		BCBADCCA2E8DA1B5000A4612 /* Frameworks */ = {
			isa = PBXFrameworksBuildPhase;
			buildActionMask = 2147483647;
			files = (
				BC9166D02EB21CB000B95C6A /* StoreKit.framework in Frameworks */,
			);
			runOnlyForDeploymentPostprocessing = 0;
		};
		BCBADCDB2E8DA1B6000A4612 /* Frameworks */ = {
			isa = PBXFrameworksBuildPhase;
			buildActionMask = 2147483647;
			files = (
			);
			runOnlyForDeploymentPostprocessing = 0;
		};
		BCBADCE52E8DA1B6000A4612 /* Frameworks */ = {
			isa = PBXFrameworksBuildPhase;
			buildActionMask = 2147483647;
			files = (
			);
			runOnlyForDeploymentPostprocessing = 0;
		};
/* End PBXFrameworksBuildPhase section */

/* Begin PBXGroup section */
		BC9166CE2EB21CB000B95C6A /* Frameworks */ = {
			isa = PBXGroup;
			children = (
				BC9166CF2EB21CB000B95C6A /* StoreKit.framework */,
			);
			name = Frameworks;
			sourceTree = "<group>";
		};
		BCBADCC42E8DA1B5000A4612 = {
			isa = PBXGroup;
			children = (
				BCBADCCF2E8DA1B5000A4612 /* KuaiJi */,
				BCBADCE12E8DA1B6000A4612 /* KuaiJiTests */,
				BCBADCEB2E8DA1B6000A4612 /* KuaiJiUITests */,
				BC9166CE2EB21CB000B95C6A /* Frameworks */,
				BCBADCCE2E8DA1B5000A4612 /* Products */,
			);
			sourceTree = "<group>";
		};
		BCBADCCE2E8DA1B5000A4612 /* Products */ = {
			isa = PBXGroup;
			children = (
				BCBADCCD2E8DA1B5000A4612 /* KuaiJi.app */,
				BCBADCDE2E8DA1B6000A4612 /* KuaiJiTests.xctest */,
				BCBADCE82E8DA1B6000A4612 /* KuaiJiUITests.xctest */,
			);
			name = Products;
			sourceTree = "<group>";
		};
/* End PBXGroup section */

/* Begin PBXNativeTarget section */
		BCBADCCC2E8DA1B5000A4612 /* KuaiJi */ = {
			isa = PBXNativeTarget;
			buildConfigurationList = BCBADCF12E8DA1B6000A4612 /* Build configuration list for PBXNativeTarget "KuaiJi" */;
			buildPhases = (
				BCBADCC92E8DA1B5000A4612 /* Sources */,
				BCBADCCA2E8DA1B5000A4612 /* Frameworks */,
				BCBADCCB2E8DA1B5000A4612 /* Resources */,
			);
			buildRules = (
			);
			dependencies = (
			);
			fileSystemSynchronizedGroups = (
				BCBADCCF2E8DA1B5000A4612 /* KuaiJi */,
			);
			name = KuaiJi;
			packageProductDependencies = (
			);
			productName = KuaiJi;
			productReference = BCBADCCD2E8DA1B5000A4612 /* KuaiJi.app */;
			productType = "com.apple.product-type.application";
		};
		BCBADCDD2E8DA1B6000A4612 /* KuaiJiTests */ = {
			isa = PBXNativeTarget;
			buildConfigurationList = BCBADCF62E8DA1B6000A4612 /* Build configuration list for PBXNativeTarget "KuaiJiTests" */;
			buildPhases = (
				BCBADCDA2E8DA1B6000A4612 /* Sources */,
				BCBADCDB2E8DA1B6000A4612 /* Frameworks */,
				BCBADCDC2E8DA1B6000A4612 /* Resources */,
			);
			buildRules = (
			);
			dependencies = (
				BCBADCE02E8DA1B6000A4612 /* PBXTargetDependency */,
			);
			fileSystemSynchronizedGroups = (
				BCBADCE12E8DA1B6000A4612 /* KuaiJiTests */,
			);
			name = KuaiJiTests;
			packageProductDependencies = (
			);
			productName = KuaiJiTests;
			productReference = BCBADCDE2E8DA1B6000A4612 /* KuaiJiTests.xctest */;
			productType = "com.apple.product-type.bundle.unit-test";
		};
		BCBADCE72E8DA1B6000A4612 /* KuaiJiUITests */ = {
			isa = PBXNativeTarget;
			buildConfigurationList = BCBADCF92E8DA1B6000A4612 /* Build configuration list for PBXNativeTarget "KuaiJiUITests" */;
			buildPhases = (
				BCBADCE42E8DA1B6000A4612 /* Sources */,
				BCBADCE52E8DA1B6000A4612 /* Frameworks */,
				BCBADCE62E8DA1B6000A4612 /* Resources */,
			);
			buildRules = (
			);
			dependencies = (
				BCBADCEA2E8DA1B6000A4612 /* PBXTargetDependency */,
			);
			fileSystemSynchronizedGroups = (
				BCBADCEB2E8DA1B6000A4612 /* KuaiJiUITests */,
			);
			name = KuaiJiUITests;
			packageProductDependencies = (
			);
			productName = KuaiJiUITests;
			productReference = BCBADCE82E8DA1B6000A4612 /* KuaiJiUITests.xctest */;
			productType = "com.apple.product-type.bundle.ui-testing";
		};
/* End PBXNativeTarget section */

/* Begin PBXProject section */
		BCBADCC52E8DA1B5000A4612 /* Project object */ = {
			isa = PBXProject;
			attributes = {
				BuildIndependentTargetsInParallel = 1;
				LastSwiftUpdateCheck = 2600;
				LastUpgradeCheck = 2600;
				TargetAttributes = {
					BCBADCCC2E8DA1B5000A4612 = {
						CreatedOnToolsVersion = 26.0.1;
					};
					BCBADCDD2E8DA1B6000A4612 = {
						CreatedOnToolsVersion = 26.0.1;
						TestTargetID = BCBADCCC2E8DA1B5000A4612;
					};
					BCBADCE72E8DA1B6000A4612 = {
						CreatedOnToolsVersion = 26.0.1;
						TestTargetID = BCBADCCC2E8DA1B5000A4612;
					};
				};
			};
			buildConfigurationList = BCBADCC82E8DA1B5000A4612 /* Build configuration list for PBXProject "KuaiJi" */;
			developmentRegion = en;
			hasScannedForEncodings = 0;
			knownRegions = (
				en,
				Base,
				"zh-Hans",
				fr,
			);
			mainGroup = BCBADCC42E8DA1B5000A4612;
			minimizedProjectReferenceProxies = 1;
			preferredProjectObjectVersion = 77;
			productRefGroup = BCBADCCE2E8DA1B5000A4612 /* Products */;
			projectDirPath = "";
			projectRoot = "";
			targets = (
				BCBADCCC2E8DA1B5000A4612 /* KuaiJi */,
				BCBADCDD2E8DA1B6000A4612 /* KuaiJiTests */,
				BCBADCE72E8DA1B6000A4612 /* KuaiJiUITests */,
			);
		};
/* End PBXProject section */

/* Begin PBXResourcesBuildPhase section */
		BCBADCCB2E8DA1B5000A4612 /* Resources */ = {
			isa = PBXResourcesBuildPhase;
			buildActionMask = 2147483647;
			files = (
			);
			runOnlyForDeploymentPostprocessing = 0;
		};
		BCBADCDC2E8DA1B6000A4612 /* Resources */ = {
			isa = PBXResourcesBuildPhase;
			buildActionMask = 2147483647;
			files = (
			);
			runOnlyForDeploymentPostprocessing = 0;
		};
		BCBADCE62E8DA1B6000A4612 /* Resources */ = {
			isa = PBXResourcesBuildPhase;
			buildActionMask = 2147483647;
			files = (
			);
			runOnlyForDeploymentPostprocessing = 0;
		};
/* End PBXResourcesBuildPhase section */

/* Begin PBXSourcesBuildPhase section */
		BCBADCC92E8DA1B5000A4612 /* Sources */ = {
			isa = PBXSourcesBuildPhase;
			buildActionMask = 2147483647;
			files = (
			);
			runOnlyForDeploymentPostprocessing = 0;
		};
		BCBADCDA2E8DA1B6000A4612 /* Sources */ = {
			isa = PBXSourcesBuildPhase;
			buildActionMask = 2147483647;
			files = (
			);
			runOnlyForDeploymentPostprocessing = 0;
		};
		BCBADCE42E8DA1B6000A4612 /* Sources */ = {
			isa = PBXSourcesBuildPhase;
			buildActionMask = 2147483647;
			files = (
			);
			runOnlyForDeploymentPostprocessing = 0;
		};
/* End PBXSourcesBuildPhase section */

/* Begin PBXTargetDependency section */
		BCBADCE02E8DA1B6000A4612 /* PBXTargetDependency */ = {
			isa = PBXTargetDependency;
			target = BCBADCCC2E8DA1B5000A4612 /* KuaiJi */;
			targetProxy = BCBADCDF2E8DA1B6000A4612 /* PBXContainerItemProxy */;
		};
		BCBADCEA2E8DA1B6000A4612 /* PBXTargetDependency */ = {
			isa = PBXTargetDependency;
			target = BCBADCCC2E8DA1B5000A4612 /* KuaiJi */;
			targetProxy = BCBADCE92E8DA1B6000A4612 /* PBXContainerItemProxy */;
		};
/* End PBXTargetDependency section */

/* Begin XCBuildConfiguration section */
		BCBADCF22E8DA1B6000A4612 /* Debug */ = {
			isa = XCBuildConfiguration;
			buildSettings = {
				ASSETCATALOG_COMPILER_APPICON_NAME = AppIcon;
				ASSETCATALOG_COMPILER_GLOBAL_ACCENT_COLOR_NAME = AccentColor;
				ASSETCATALOG_COMPILER_INCLUDE_ALL_APPICON_ASSETS = NO;
				CODE_SIGN_ENTITLEMENTS = KuaiJi/KuaiJi.entitlements;
				CODE_SIGN_STYLE = Automatic;
				CURRENT_PROJECT_VERSION = 9;
				DEVELOPMENT_TEAM = FDZN885HN3;
				ENABLE_PREVIEWS = YES;
				GENERATE_INFOPLIST_FILE = YES;
				INFOPLIST_FILE = KuaiJi/Info.plist;
				INFOPLIST_KEY_NSCameraUsageDescription = "需要使用相机扫描二维码以添加朋友";
				INFOPLIST_KEY_NSLocalNetworkUsageDescription = "需要访问本地网络以发现附近设备并同步账本数据";
				INFOPLIST_KEY_UIApplicationSceneManifest_Generation = YES;
				INFOPLIST_KEY_UIApplicationSupportsIndirectInputEvents = YES;
				INFOPLIST_KEY_UILaunchScreen_Generation = YES;
				INFOPLIST_KEY_UIStatusBarStyle = "";
				INFOPLIST_KEY_UISupportedInterfaceOrientations = UIInterfaceOrientationPortrait;
				INFOPLIST_KEY_UISupportedInterfaceOrientations_iPad = "UIInterfaceOrientationLandscapeLeft UIInterfaceOrientationLandscapeRight UIInterfaceOrientationPortrait UIInterfaceOrientationPortraitUpsideDown";
				IPHONEOS_DEPLOYMENT_TARGET = 17.0;
				LD_RUNPATH_SEARCH_PATHS = (
					"$(inherited)",
					"@executable_path/Frameworks",
				);
				MARKETING_VERSION = 4.51;
				PRODUCT_BUNDLE_IDENTIFIER = com.guo.kuaijiapp;
				PRODUCT_NAME = "$(TARGET_NAME)";
				STRING_CATALOG_GENERATE_SYMBOLS = YES;
				SWIFT_EMIT_LOC_STRINGS = YES;
				SWIFT_VERSION = 5.0;
				TARGETED_DEVICE_FAMILY = "1,2";
			};
			name = Debug;
		};
		BCBADCF32E8DA1B6000A4612 /* Release */ = {
			isa = XCBuildConfiguration;
			buildSettings = {
				ASSETCATALOG_COMPILER_APPICON_NAME = AppIcon;
				ASSETCATALOG_COMPILER_GLOBAL_ACCENT_COLOR_NAME = AccentColor;
				ASSETCATALOG_COMPILER_INCLUDE_ALL_APPICON_ASSETS = NO;
				CODE_SIGN_ENTITLEMENTS = KuaiJi/KuaiJi.entitlements;
				CODE_SIGN_STYLE = Automatic;
				CURRENT_PROJECT_VERSION = 9;
				DEVELOPMENT_TEAM = FDZN885HN3;
				ENABLE_PREVIEWS = YES;
				GENERATE_INFOPLIST_FILE = YES;
				INFOPLIST_FILE = KuaiJi/Info.plist;
				INFOPLIST_KEY_NSCameraUsageDescription = "需要使用相机扫描二维码以添加朋友";
				INFOPLIST_KEY_NSLocalNetworkUsageDescription = "需要访问本地网络以发现附近设备并同步账本数据";
				INFOPLIST_KEY_UIApplicationSceneManifest_Generation = YES;
				INFOPLIST_KEY_UIApplicationSupportsIndirectInputEvents = YES;
				INFOPLIST_KEY_UILaunchScreen_Generation = YES;
				INFOPLIST_KEY_UIStatusBarStyle = "";
				INFOPLIST_KEY_UISupportedInterfaceOrientations = UIInterfaceOrientationPortrait;
				INFOPLIST_KEY_UISupportedInterfaceOrientations_iPad = "UIInterfaceOrientationLandscapeLeft UIInterfaceOrientationLandscapeRight UIInterfaceOrientationPortrait UIInterfaceOrientationPortraitUpsideDown";
				IPHONEOS_DEPLOYMENT_TARGET = 17.0;
				LD_RUNPATH_SEARCH_PATHS = (
					"$(inherited)",
					"@executable_path/Frameworks",
				);
				MARKETING_VERSION = 4.51;
				PRODUCT_BUNDLE_IDENTIFIER = com.guo.kuaijiapp;
				PRODUCT_NAME = "$(TARGET_NAME)";
				STRING_CATALOG_GENERATE_SYMBOLS = YES;
				SWIFT_EMIT_LOC_STRINGS = YES;
				SWIFT_VERSION = 5.0;
				TARGETED_DEVICE_FAMILY = "1,2";
			};
			name = Release;
		};
		BCBADCF42E8DA1B6000A4612 /* Debug */ = {
			isa = XCBuildConfiguration;
			buildSettings = {
				ALWAYS_SEARCH_USER_PATHS = NO;
				ASSETCATALOG_COMPILER_GENERATE_SWIFT_ASSET_SYMBOL_EXTENSIONS = NO;
				CLANG_ANALYZER_NONNULL = YES;
				CLANG_ANALYZER_NUMBER_OBJECT_CONVERSION = YES_AGGRESSIVE;
				CLANG_CXX_LANGUAGE_STANDARD = "gnu++20";
				CLANG_ENABLE_MODULES = YES;
				CLANG_ENABLE_OBJC_ARC = YES;
				CLANG_ENABLE_OBJC_WEAK = YES;
				CLANG_WARN_BLOCK_CAPTURE_AUTORELEASING = YES;
				CLANG_WARN_BOOL_CONVERSION = YES;
				CLANG_WARN_COMMA = YES;
				CLANG_WARN_CONSTANT_CONVERSION = YES;
				CLANG_WARN_DEPRECATED_OBJC_IMPLEMENTATIONS = YES;
				CLANG_WARN_DIRECT_OBJC_ISA_USAGE = YES_ERROR;
				CLANG_WARN_DOCUMENTATION_COMMENTS = YES;
				CLANG_WARN_EMPTY_BODY = YES;
				CLANG_WARN_ENUM_CONVERSION = YES;
				CLANG_WARN_INFINITE_RECURSION = YES;
				CLANG_WARN_INT_CONVERSION = YES;
				CLANG_WARN_NON_LITERAL_NULL_CONVERSION = YES;
				CLANG_WARN_OBJC_IMPLICIT_RETAIN_SELF = YES;
				CLANG_WARN_OBJC_LITERAL_CONVERSION = YES;
				CLANG_WARN_OBJC_ROOT_CLASS = YES_ERROR;
				CLANG_WARN_QUOTED_INCLUDE_IN_FRAMEWORK_HEADER = YES;
				CLANG_WARN_RANGE_LOOP_ANALYSIS = YES;
				CLANG_WARN_STRICT_PROTOTYPES = YES;
				CLANG_WARN_SUSPICIOUS_MOVE = YES;
				CLANG_WARN_UNGUARDED_AVAILABILITY = YES_AGGRESSIVE;
				CLANG_WARN_UNREACHABLE_CODE = YES;
				CLANG_WARN__DUPLICATE_METHOD_MATCH = YES;
				COPY_PHASE_STRIP = NO;
				DEBUG_INFORMATION_FORMAT = dwarf;
				DEVELOPMENT_TEAM = UA968F3M5F;
				ENABLE_STRICT_OBJC_MSGSEND = YES;
				ENABLE_TESTABILITY = YES;
				ENABLE_USER_SCRIPT_SANDBOXING = YES;
				GCC_C_LANGUAGE_STANDARD = gnu17;
				GCC_DYNAMIC_NO_PIC = NO;
				GCC_NO_COMMON_BLOCKS = YES;
				GCC_OPTIMIZATION_LEVEL = 0;
				GCC_PREPROCESSOR_DEFINITIONS = (
					"DEBUG=1",
					"$(inherited)",
				);
				GCC_WARN_64_TO_32_BIT_CONVERSION = YES;
				GCC_WARN_ABOUT_RETURN_TYPE = YES_ERROR;
				GCC_WARN_UNDECLARED_SELECTOR = YES;
				GCC_WARN_UNINITIALIZED_AUTOS = YES_AGGRESSIVE;
				GCC_WARN_UNUSED_FUNCTION = YES;
				GCC_WARN_UNUSED_VARIABLE = YES;
				IPHONEOS_DEPLOYMENT_TARGET = 17.0;
				LOCALIZATION_PREFERS_STRING_CATALOGS = YES;
				MTL_ENABLE_DEBUG_INFO = INCLUDE_SOURCE;
				MTL_FAST_MATH = YES;
				ONLY_ACTIVE_ARCH = YES;
				SDKROOT = iphoneos;
				SWIFT_ACTIVE_COMPILATION_CONDITIONS = "DEBUG $(inherited)";
				SWIFT_OPTIMIZATION_LEVEL = "-Onone";
			};
			name = Debug;
		};
		BCBADCF52E8DA1B6000A4612 /* Release */ = {
			isa = XCBuildConfiguration;
			buildSettings = {
				ALWAYS_SEARCH_USER_PATHS = NO;
				ASSETCATALOG_COMPILER_GENERATE_SWIFT_ASSET_SYMBOL_EXTENSIONS = NO;
				CLANG_ANALYZER_NONNULL = YES;
				CLANG_ANALYZER_NUMBER_OBJECT_CONVERSION = YES_AGGRESSIVE;
				CLANG_CXX_LANGUAGE_STANDARD = "gnu++20";
				CLANG_ENABLE_MODULES = YES;
				CLANG_ENABLE_OBJC_ARC = YES;
				CLANG_ENABLE_OBJC_WEAK = YES;
				CLANG_WARN_BLOCK_CAPTURE_AUTORELEASING = YES;
				CLANG_WARN_BOOL_CONVERSION = YES;
				CLANG_WARN_COMMA = YES;
				CLANG_WARN_CONSTANT_CONVERSION = YES;
				CLANG_WARN_DEPRECATED_OBJC_IMPLEMENTATIONS = YES;
				CLANG_WARN_DIRECT_OBJC_ISA_USAGE = YES_ERROR;
				CLANG_WARN_DOCUMENTATION_COMMENTS = YES;
				CLANG_WARN_EMPTY_BODY = YES;
				CLANG_WARN_ENUM_CONVERSION = YES;
				CLANG_WARN_INFINITE_RECURSION = YES;
				CLANG_WARN_INT_CONVERSION = YES;
				CLANG_WARN_NON_LITERAL_NULL_CONVERSION = YES;
				CLANG_WARN_OBJC_IMPLICIT_RETAIN_SELF = YES;
				CLANG_WARN_OBJC_LITERAL_CONVERSION = YES;
				CLANG_WARN_OBJC_ROOT_CLASS = YES_ERROR;
				CLANG_WARN_QUOTED_INCLUDE_IN_FRAMEWORK_HEADER = YES;
				CLANG_WARN_RANGE_LOOP_ANALYSIS = YES;
				CLANG_WARN_STRICT_PROTOTYPES = YES;
				CLANG_WARN_SUSPICIOUS_MOVE = YES;
				CLANG_WARN_UNGUARDED_AVAILABILITY = YES_AGGRESSIVE;
				CLANG_WARN_UNREACHABLE_CODE = YES;
				CLANG_WARN__DUPLICATE_METHOD_MATCH = YES;
				COPY_PHASE_STRIP = NO;
				DEBUG_INFORMATION_FORMAT = "dwarf-with-dsym";
				DEVELOPMENT_TEAM = UA968F3M5F;
				ENABLE_NS_ASSERTIONS = NO;
				ENABLE_STRICT_OBJC_MSGSEND = YES;
				ENABLE_USER_SCRIPT_SANDBOXING = YES;
				GCC_C_LANGUAGE_STANDARD = gnu17;
				GCC_NO_COMMON_BLOCKS = YES;
				GCC_WARN_64_TO_32_BIT_CONVERSION = YES;
				GCC_WARN_ABOUT_RETURN_TYPE = YES_ERROR;
				GCC_WARN_UNDECLARED_SELECTOR = YES;
				GCC_WARN_UNINITIALIZED_AUTOS = YES_AGGRESSIVE;
				GCC_WARN_UNUSED_FUNCTION = YES;
				GCC_WARN_UNUSED_VARIABLE = YES;
				IPHONEOS_DEPLOYMENT_TARGET = 17.0;
				LOCALIZATION_PREFERS_STRING_CATALOGS = YES;
				MTL_ENABLE_DEBUG_INFO = NO;
				MTL_FAST_MATH = YES;
				SDKROOT = iphoneos;
				SWIFT_COMPILATION_MODE = wholemodule;
				VALIDATE_PRODUCT = YES;
			};
			name = Release;
		};
		BCBADCF72E8DA1B6000A4612 /* Debug */ = {
			isa = XCBuildConfiguration;
			buildSettings = {
				BUNDLE_LOADER = "$(TEST_HOST)";
				CODE_SIGN_STYLE = Automatic;
				CURRENT_PROJECT_VERSION = 1;
				DEVELOPMENT_TEAM = UA968F3M5F;
				GENERATE_INFOPLIST_FILE = YES;
				IPHONEOS_DEPLOYMENT_TARGET = 17.0;
				MARKETING_VERSION = 1.0;
				PRODUCT_BUNDLE_IDENTIFIER = com.Guo.KuaiJiTests;
				PRODUCT_NAME = "$(TARGET_NAME)";
				STRING_CATALOG_GENERATE_SYMBOLS = NO;
				SWIFT_EMIT_LOC_STRINGS = NO;
				SWIFT_VERSION = 5.0;
				TARGETED_DEVICE_FAMILY = "1,2";
				TEST_HOST = "$(BUILT_PRODUCTS_DIR)/KuaiJi.app/$(BUNDLE_EXECUTABLE_FOLDER_PATH)/KuaiJi";
			};
			name = Debug;
		};
		BCBADCF82E8DA1B6000A4612 /* Release */ = {
			isa = XCBuildConfiguration;
			buildSettings = {
				BUNDLE_LOADER = "$(TEST_HOST)";
				CODE_SIGN_STYLE = Automatic;
				CURRENT_PROJECT_VERSION = 1;
				DEVELOPMENT_TEAM = UA968F3M5F;
				GENERATE_INFOPLIST_FILE = YES;
				IPHONEOS_DEPLOYMENT_TARGET = 17.0;
				MARKETING_VERSION = 1.0;
				PRODUCT_BUNDLE_IDENTIFIER = com.Guo.KuaiJiTests;
				PRODUCT_NAME = "$(TARGET_NAME)";
				STRING_CATALOG_GENERATE_SYMBOLS = NO;
				SWIFT_EMIT_LOC_STRINGS = NO;
				SWIFT_VERSION = 5.0;
				TARGETED_DEVICE_FAMILY = "1,2";
				TEST_HOST = "$(BUILT_PRODUCTS_DIR)/KuaiJi.app/$(BUNDLE_EXECUTABLE_FOLDER_PATH)/KuaiJi";
			};
			name = Release;
		};
		BCBADCFA2E8DA1B6000A4612 /* Debug */ = {
			isa = XCBuildConfiguration;
			buildSettings = {
				CODE_SIGN_STYLE = Automatic;
				CURRENT_PROJECT_VERSION = 1;
				DEVELOPMENT_TEAM = 9W67JZ2HMJ;
				GENERATE_INFOPLIST_FILE = YES;
				MARKETING_VERSION = 1.0;
				PRODUCT_BUNDLE_IDENTIFIER = com.Guo.KuaiJiUITests;
				PRODUCT_NAME = "$(TARGET_NAME)";
				STRING_CATALOG_GENERATE_SYMBOLS = NO;
				SWIFT_EMIT_LOC_STRINGS = NO;
				SWIFT_VERSION = 5.0;
				TARGETED_DEVICE_FAMILY = "1,2";
				TEST_TARGET_NAME = KuaiJi;
			};
			name = Debug;
		};
		BCBADCFB2E8DA1B6000A4612 /* Release */ = {
			isa = XCBuildConfiguration;
			buildSettings = {
				CODE_SIGN_STYLE = Automatic;
				CURRENT_PROJECT_VERSION = 1;
				DEVELOPMENT_TEAM = 9W67JZ2HMJ;
				GENERATE_INFOPLIST_FILE = YES;
				MARKETING_VERSION = 1.0;
				PRODUCT_BUNDLE_IDENTIFIER = com.Guo.KuaiJiUITests;
				PRODUCT_NAME = "$(TARGET_NAME)";
				STRING_CATALOG_GENERATE_SYMBOLS = NO;
				SWIFT_EMIT_LOC_STRINGS = NO;
				SWIFT_VERSION = 5.0;
				TARGETED_DEVICE_FAMILY = "1,2";
				TEST_TARGET_NAME = KuaiJi;
			};
			name = Release;
		};
/* End XCBuildConfiguration section */

/* Begin XCConfigurationList section */
		BCBADCC82E8DA1B5000A4612 /* Build configuration list for PBXProject "KuaiJi" */ = {
			isa = XCConfigurationList;
			buildConfigurations = (
				BCBADCF42E8DA1B6000A4612 /* Debug */,
				BCBADCF52E8DA1B6000A4612 /* Release */,
			);
			defaultConfigurationIsVisible = 0;
			defaultConfigurationName = Release;
		};
		BCBADCF12E8DA1B6000A4612 /* Build configuration list for PBXNativeTarget "KuaiJi" */ = {
			isa = XCConfigurationList;
			buildConfigurations = (
				BCBADCF22E8DA1B6000A4612 /* Debug */,
				BCBADCF32E8DA1B6000A4612 /* Release */,
			);
			defaultConfigurationIsVisible = 0;
			defaultConfigurationName = Release;
		};
		BCBADCF62E8DA1B6000A4612 /* Build configuration list for PBXNativeTarget "KuaiJiTests" */ = {
			isa = XCConfigurationList;
			buildConfigurations = (
				BCBADCF72E8DA1B6000A4612 /* Debug */,
				BCBADCF82E8DA1B6000A4612 /* Release */,
			);
			defaultConfigurationIsVisible = 0;
			defaultConfigurationName = Release;
		};
		BCBADCF92E8DA1B6000A4612 /* Build configuration list for PBXNativeTarget "KuaiJiUITests" */ = {
			isa = XCConfigurationList;
			buildConfigurations = (
				BCBADCFA2E8DA1B6000A4612 /* Debug */,
				BCBADCFB2E8DA1B6000A4612 /* Release */,
			);
			defaultConfigurationIsVisible = 0;
			defaultConfigurationName = Release;
		};
/* End XCConfigurationList section */
	};
	rootObject = BCBADCC52E8DA1B5000A4612 /* Project object */;
}
